
Microsoft Visual Studio Solution File, Format Version 12.00
# Visual Studio Version 16
VisualStudioVersion = 16.0.31424.327
MinimumVisualStudioVersion = 10.0.40219.1
Project("{9A19103F-16F7-4668-BE54-9A1E7A4F7556}") = "ProductManagementSample.Entities", "src\ProductManagementSample.Entities\ProductManagementSample.Entities.csproj", "{6ABD0BDB-FBDD-4BFD-A0AF-F5EC4F623EBF}"
EndProject
Project("{9A19103F-16F7-4668-BE54-9A1E7A4F7556}") = "ProductManagementSample.Core", "src\ProductManagementSample.Core\ProductManagementSample.Core.csproj", "{ECBA5225-EB13-4512-9E5E-0983A504FC34}"
EndProject
Project("{9A19103F-16F7-4668-BE54-9A1E7A4F7556}") = "ProductManagementSample.DataAccess", "src\ProductManagementSample.DataAccess\ProductManagementSample.DataAccess.csproj", "{5373EBEF-F274-453D-97E0-CE969AD085CE}"
EndProject
Project("{9A19103F-16F7-4668-BE54-9A1E7A4F7556}") = "ProductManagementSample.Business", "src\ProductManagementSample.Business\ProductManagementSample.Business.csproj", "{E36FCAB2-F2C3-46A6-87EB-CFB547F8129B}"
EndProject
Project("{9A19103F-16F7-4668-BE54-9A1E7A4F7556}") = "ProductManagementSample.WebAPI", "src\ProductManagementSample.WebAPI\ProductManagementSample.WebAPI.csproj", "{105491DF-B99A-4F03-99F1-F407B7D73248}"
EndProject
Project("{2150E333-8FDC-42A3-9474-1A3956D46DE8}") = "src", "src", "{9FAAD459-7DBE-40B5-AB40-499F6D46CD4E}"
EndProject
Project("{2150E333-8FDC-42A3-9474-1A3956D46DE8}") = "tests", "tests", "{101177DC-776F-4D7A-98D5-35877C752F42}"
EndProject
Project("{2150E333-8FDC-42A3-9474-1A3956D46DE8}") = "UnitTests", "UnitTests", "{C42C4791-2B73-487F-ADB8-516838079189}"
EndProject
Project("{9A19103F-16F7-4668-BE54-9A1E7A4F7556}") = "UnitTests", "tests\UnitTests\UnitTests.csproj", "{878584E0-87AD-4892-9BEA-D1E9EEEB8BB7}"
EndProject
Global
	GlobalSection(SolutionConfigurationPlatforms) = preSolution
		Debug|Any CPU = Debug|Any CPU
		Release|Any CPU = Release|Any CPU
	EndGlobalSection
	GlobalSection(ProjectConfigurationPlatforms) = postSolution
		{6ABD0BDB-FBDD-4BFD-A0AF-F5EC4F623EBF}.Debug|Any CPU.ActiveCfg = Debug|Any CPU
		{6ABD0BDB-FBDD-4BFD-A0AF-F5EC4F623EBF}.Debug|Any CPU.Build.0 = Debug|Any CPU
		{6ABD0BDB-FBDD-4BFD-A0AF-F5EC4F623EBF}.Release|Any CPU.ActiveCfg = Release|Any CPU
		{6ABD0BDB-FBDD-4BFD-A0AF-F5EC4F623EBF}.Release|Any CPU.Build.0 = Release|Any CPU
		{ECBA5225-EB13-4512-9E5E-0983A504FC34}.Debug|Any CPU.ActiveCfg = Debug|Any CPU
		{ECBA5225-EB13-4512-9E5E-0983A504FC34}.Debug|Any CPU.Build.0 = Debug|Any CPU
		{ECBA5225-EB13-4512-9E5E-0983A504FC34}.Release|Any CPU.ActiveCfg = Release|Any CPU
		{ECBA5225-EB13-4512-9E5E-0983A504FC34}.Release|Any CPU.Build.0 = Release|Any CPU
		{5373EBEF-F274-453D-97E0-CE969AD085CE}.Debug|Any CPU.ActiveCfg = Debug|Any CPU
		{5373EBEF-F274-453D-97E0-CE969AD085CE}.Debug|Any CPU.Build.0 = Debug|Any CPU
		{5373EBEF-F274-453D-97E0-CE969AD085CE}.Release|Any CPU.ActiveCfg = Release|Any CPU
		{5373EBEF-F274-453D-97E0-CE969AD085CE}.Release|Any CPU.Build.0 = Release|Any CPU
		{E36FCAB2-F2C3-46A6-87EB-CFB547F8129B}.Debug|Any CPU.ActiveCfg = Debug|Any CPU
		{E36FCAB2-F2C3-46A6-87EB-CFB547F8129B}.Debug|Any CPU.Build.0 = Debug|Any CPU
		{E36FCAB2-F2C3-46A6-87EB-CFB547F8129B}.Release|Any CPU.ActiveCfg = Release|Any CPU
		{E36FCAB2-F2C3-46A6-87EB-CFB547F8129B}.Release|Any CPU.Build.0 = Release|Any CPU
		{105491DF-B99A-4F03-99F1-F407B7D73248}.Debug|Any CPU.ActiveCfg = Debug|Any CPU
		{105491DF-B99A-4F03-99F1-F407B7D73248}.Debug|Any CPU.Build.0 = Debug|Any CPU
		{105491DF-B99A-4F03-99F1-F407B7D73248}.Release|Any CPU.ActiveCfg = Release|Any CPU
		{105491DF-B99A-4F03-99F1-F407B7D73248}.Release|Any CPU.Build.0 = Release|Any CPU
		{878584E0-87AD-4892-9BEA-D1E9EEEB8BB7}.Debug|Any CPU.ActiveCfg = Debug|Any CPU
		{878584E0-87AD-4892-9BEA-D1E9EEEB8BB7}.Debug|Any CPU.Build.0 = Debug|Any CPU
		{878584E0-87AD-4892-9BEA-D1E9EEEB8BB7}.Release|Any CPU.ActiveCfg = Release|Any CPU
		{878584E0-87AD-4892-9BEA-D1E9EEEB8BB7}.Release|Any CPU.Build.0 = Release|Any CPU
	EndGlobalSection
	GlobalSection(SolutionProperties) = preSolution
		HideSolutionNode = FALSE
	EndGlobalSection
	GlobalSection(NestedProjects) = preSolution
		{6ABD0BDB-FBDD-4BFD-A0AF-F5EC4F623EBF} = {9FAAD459-7DBE-40B5-AB40-499F6D46CD4E}
		{ECBA5225-EB13-4512-9E5E-0983A504FC34} = {9FAAD459-7DBE-40B5-AB40-499F6D46CD4E}
		{5373EBEF-F274-453D-97E0-CE969AD085CE} = {9FAAD459-7DBE-40B5-AB40-499F6D46CD4E}
		{E36FCAB2-F2C3-46A6-87EB-CFB547F8129B} = {9FAAD459-7DBE-40B5-AB40-499F6D46CD4E}
		{105491DF-B99A-4F03-99F1-F407B7D73248} = {9FAAD459-7DBE-40B5-AB40-499F6D46CD4E}
		{C42C4791-2B73-487F-ADB8-516838079189} = {101177DC-776F-4D7A-98D5-35877C752F42}
		{878584E0-87AD-4892-9BEA-D1E9EEEB8BB7} = {C42C4791-2B73-487F-ADB8-516838079189}
	EndGlobalSection
	GlobalSection(ExtensibilityGlobals) = postSolution
		SolutionGuid = {ED0A3761-42F0-42B8-A0C5-942ACEC1848D}
	EndGlobalSection
EndGlobal
